{
  "name": "react-native-cloudinary-unsigned",
  "version": "1.0.4",
  "lockfileVersion": 1,
  "requires": true,
  "dependencies": {
    "axios": {
      "version": "git+https://github.com/axios/axios.git#0b3db5d87a60a1ad8b0dce9669dbc10483ec33da",
      "requires": {
        "follow-redirects": "1.4.1",
        "is-buffer": "2.0.2"
      }
    },
    "debug": {
      "version": "3.1.0",
      "resolved": "https://registry.npmjs.org/debug/-/debug-3.1.0.tgz",
      "integrity": "sha512-OX8XqP7/1a9cqkxYw2yXss15f26NKWBpDXQd0/uK/KPqdQhxbPa994hnzjcE2VqQpDslf55723cKPUOGSmMY3g==",
      "requires": {
        "ms": "2.0.0"
      }
    },
    "follow-redirects": {
      "version": "1.4.1",
      "resolved": "https://registry.npmjs.org/follow-redirects/-/follow-redirects-1.4.1.tgz",
      "integrity": "sha512-uxYePVPogtya1ktGnAAXOacnbIuRMB4dkvqeNz2qTtTQsuzSfbDolV+wMMKxAmCx0bLgAKLbBOkjItMbbkR1vg==",
      "requires": {
        "debug": "3.1.0"
      }
    },
    "is-buffer": {
      "version": "2.0.2",
      "resolved": "https://registry.npmjs.org/is-buffer/-/is-buffer-2.0.2.tgz",
      "integrity": "sha512-imvkm8cOGKeZ/NwkAd+FAURi0hsL9gr3kvdi0r3MnqChcOdPaQRIOQiOU+sD40XzUIe6nFmSHYtQjbkDvaQbEg=="
    },
    "ms": {
      "version": "2.0.0",
      "resolved": "https://registry.npmjs.org/ms/-/ms-2.0.0.tgz",
      "integrity": "sha1-VgiurfwAvmwpAd9fmGF4jeDVl8g="
    }
  }
}
